
Microsoft Visual Studio Solution File, Format Version 12.00
# Visual Studio 15
VisualStudioVersion = 15.0.28307.421
MinimumVisualStudioVersion = 10.0.40219.1
Project("{FAE04EC0-301F-11D3-BF4B-00C04F79EFBC}") = "mvcEjemplo1", "mvcEjemplo1\mvcEjemplo1.csproj", "{AEADCF55-7486-4059-B473-80BEB3F1102A}"
EndProject
Global
	GlobalSection(SolutionConfigurationPlatforms) = preSolution
		Debug|Any CPU = Debug|Any CPU
		Release|Any CPU = Release|Any CPU
	EndGlobalSection
	GlobalSection(ProjectConfigurationPlatforms) = postSolution
		{AEADCF55-7486-4059-B473-80BEB3F1102A}.Debug|Any CPU.ActiveCfg = Debug|Any CPU
		{AEADCF55-7486-4059-B473-80BEB3F1102A}.Debug|Any CPU.Build.0 = Debug|Any CPU
		{AEADCF55-7486-4059-B473-80BEB3F1102A}.Release|Any CPU.ActiveCfg = Release|Any CPU
		{AEADCF55-7486-4059-B473-80BEB3F1102A}.Release|Any CPU.Build.0 = Release|Any CPU
	EndGlobalSection
	GlobalSection(SolutionProperties) = preSolution
		HideSolutionNode = FALSE
	EndGlobalSection
	GlobalSection(ExtensibilityGlobals) = postSolution
		SolutionGuid = {35BD8F73-46CA-40E0-8C63-49C677106D16}
	EndGlobalSection
EndGlobal
