
Microsoft Visual Studio Solution File, Format Version 12.00
# Visual Studio 15
VisualStudioVersion = 15.0.28307.421
MinimumVisualStudioVersion = 10.0.40219.1
Project("{FAE04EC0-301F-11D3-BF4B-00C04F79EFBC}") = "mvcEjemplo2", "mvcEjemplo2\mvcEjemplo2.csproj", "{09BBFFBA-581A-4A1C-851A-45BA1A44DE62}"
EndProject
Global
	GlobalSection(SolutionConfigurationPlatforms) = preSolution
		Debug|Any CPU = Debug|Any CPU
		Release|Any CPU = Release|Any CPU
	EndGlobalSection
	GlobalSection(ProjectConfigurationPlatforms) = postSolution
		{09BBFFBA-581A-4A1C-851A-45BA1A44DE62}.Debug|Any CPU.ActiveCfg = Debug|Any CPU
		{09BBFFBA-581A-4A1C-851A-45BA1A44DE62}.Debug|Any CPU.Build.0 = Debug|Any CPU
		{09BBFFBA-581A-4A1C-851A-45BA1A44DE62}.Release|Any CPU.ActiveCfg = Release|Any CPU
		{09BBFFBA-581A-4A1C-851A-45BA1A44DE62}.Release|Any CPU.Build.0 = Release|Any CPU
	EndGlobalSection
	GlobalSection(SolutionProperties) = preSolution
		HideSolutionNode = FALSE
	EndGlobalSection
	GlobalSection(ExtensibilityGlobals) = postSolution
		SolutionGuid = {7B2F48FD-9C2F-41EB-A385-E229D33CE2E3}
	EndGlobalSection
EndGlobal
